
Microsoft Visual Studio Solution File, Format Version 12.00
# Visual Studio 15
VisualStudioVersion = 15.0.28307.421
MinimumVisualStudioVersion = 10.0.40219.1
Project("{9A19103F-16F7-4668-BE54-9A1E7A4F7556}") = "PrismTest", "PrismTest\PrismTest\PrismTest.csproj", "{00DEB1CF-FBE9-4552-BA14-37E1CC1ED8BF}"
EndProject
Project("{FAE04EC0-301F-11D3-BF4B-00C04F79EFBC}") = "PrismTest.Android", "PrismTest\PrismTest.Android\PrismTest.Android.csproj", "{83FE6762-6950-4F78-A67C-CD384DE55386}"
EndProject
Project("{FAE04EC0-301F-11D3-BF4B-00C04F79EFBC}") = "PrismTest.iOS", "PrismTest\PrismTest.iOS\PrismTest.iOS.csproj", "{BDC6ACE3-FBBD-40D4-95FC-A8281FCC9CF1}"
EndProject
Project("{2150E333-8FDC-42A3-9474-1A3956D46DE8}") = "Moduls", "Moduls", "{3F50CD67-3064-4D69-9CA9-52312E3ACBCB}"
EndProject
Project("{9A19103F-16F7-4668-BE54-9A1E7A4F7556}") = "BookModule", "BookModule\BookModule.csproj", "{AC50706E-6CEB-4276-921F-D996CE07875D}"
EndProject
Project("{9A19103F-16F7-4668-BE54-9A1E7A4F7556}") = "PrismTestClassLibrary", "PrismTestClassLibrary\PrismTestClassLibrary.csproj", "{138482E0-1A72-498C-8017-FF1AF75A0408}"
EndProject
Project("{FAE04EC0-301F-11D3-BF4B-00C04F79EFBC}") = "AuthorModule", "AuthorModule\AuthorModule.csproj", "{0A54471E-09F7-437D-A26F-81D8492872C0}"
EndProject
Project("{FAE04EC0-301F-11D3-BF4B-00C04F79EFBC}") = "PublisherModule", "PublisherModule\PublisherModule.csproj", "{ECAE18A5-9653-4E94-8456-3042CBDDFB14}"
EndProject
Global
	GlobalSection(SolutionConfigurationPlatforms) = preSolution
		Ad-Hoc|Any CPU = Ad-Hoc|Any CPU
		Ad-Hoc|iPhone = Ad-Hoc|iPhone
		Ad-Hoc|iPhoneSimulator = Ad-Hoc|iPhoneSimulator
		AppStore|Any CPU = AppStore|Any CPU
		AppStore|iPhone = AppStore|iPhone
		AppStore|iPhoneSimulator = AppStore|iPhoneSimulator
		Debug|Any CPU = Debug|Any CPU
		Debug|iPhone = Debug|iPhone
		Debug|iPhoneSimulator = Debug|iPhoneSimulator
		Release|Any CPU = Release|Any CPU
		Release|iPhone = Release|iPhone
		Release|iPhoneSimulator = Release|iPhoneSimulator
	EndGlobalSection
	GlobalSection(ProjectConfigurationPlatforms) = postSolution
		{00DEB1CF-FBE9-4552-BA14-37E1CC1ED8BF}.Ad-Hoc|Any CPU.ActiveCfg = Debug|Any CPU
		{00DEB1CF-FBE9-4552-BA14-37E1CC1ED8BF}.Ad-Hoc|Any CPU.Build.0 = Debug|Any CPU
		{00DEB1CF-FBE9-4552-BA14-37E1CC1ED8BF}.Ad-Hoc|iPhone.ActiveCfg = Debug|Any CPU
		{00DEB1CF-FBE9-4552-BA14-37E1CC1ED8BF}.Ad-Hoc|iPhone.Build.0 = Debug|Any CPU
		{00DEB1CF-FBE9-4552-BA14-37E1CC1ED8BF}.Ad-Hoc|iPhoneSimulator.ActiveCfg = Debug|Any CPU
		{00DEB1CF-FBE9-4552-BA14-37E1CC1ED8BF}.Ad-Hoc|iPhoneSimulator.Build.0 = Debug|Any CPU
		{00DEB1CF-FBE9-4552-BA14-37E1CC1ED8BF}.AppStore|Any CPU.ActiveCfg = Debug|Any CPU
		{00DEB1CF-FBE9-4552-BA14-37E1CC1ED8BF}.AppStore|Any CPU.Build.0 = Debug|Any CPU
		{00DEB1CF-FBE9-4552-BA14-37E1CC1ED8BF}.AppStore|iPhone.ActiveCfg = Debug|Any CPU
		{00DEB1CF-FBE9-4552-BA14-37E1CC1ED8BF}.AppStore|iPhone.Build.0 = Debug|Any CPU
		{00DEB1CF-FBE9-4552-BA14-37E1CC1ED8BF}.AppStore|iPhoneSimulator.ActiveCfg = Debug|Any CPU
		{00DEB1CF-FBE9-4552-BA14-37E1CC1ED8BF}.AppStore|iPhoneSimulator.Build.0 = Debug|Any CPU
		{00DEB1CF-FBE9-4552-BA14-37E1CC1ED8BF}.Debug|Any CPU.ActiveCfg = Debug|Any CPU
		{00DEB1CF-FBE9-4552-BA14-37E1CC1ED8BF}.Debug|Any CPU.Build.0 = Debug|Any CPU
		{00DEB1CF-FBE9-4552-BA14-37E1CC1ED8BF}.Debug|iPhone.ActiveCfg = Debug|Any CPU
		{00DEB1CF-FBE9-4552-BA14-37E1CC1ED8BF}.Debug|iPhone.Build.0 = Debug|Any CPU
		{00DEB1CF-FBE9-4552-BA14-37E1CC1ED8BF}.Debug|iPhoneSimulator.ActiveCfg = Debug|Any CPU
		{00DEB1CF-FBE9-4552-BA14-37E1CC1ED8BF}.Debug|iPhoneSimulator.Build.0 = Debug|Any CPU
		{00DEB1CF-FBE9-4552-BA14-37E1CC1ED8BF}.Release|Any CPU.ActiveCfg = Release|Any CPU
		{00DEB1CF-FBE9-4552-BA14-37E1CC1ED8BF}.Release|Any CPU.Build.0 = Release|Any CPU
		{00DEB1CF-FBE9-4552-BA14-37E1CC1ED8BF}.Release|iPhone.ActiveCfg = Release|Any CPU
		{00DEB1CF-FBE9-4552-BA14-37E1CC1ED8BF}.Release|iPhone.Build.0 = Release|Any CPU
		{00DEB1CF-FBE9-4552-BA14-37E1CC1ED8BF}.Release|iPhoneSimulator.ActiveCfg = Release|Any CPU
		{00DEB1CF-FBE9-4552-BA14-37E1CC1ED8BF}.Release|iPhoneSimulator.Build.0 = Release|Any CPU
		{83FE6762-6950-4F78-A67C-CD384DE55386}.Ad-Hoc|Any CPU.ActiveCfg = Release|Any CPU
		{83FE6762-6950-4F78-A67C-CD384DE55386}.Ad-Hoc|Any CPU.Build.0 = Release|Any CPU
		{83FE6762-6950-4F78-A67C-CD384DE55386}.Ad-Hoc|Any CPU.Deploy.0 = Release|Any CPU
		{83FE6762-6950-4F78-A67C-CD384DE55386}.Ad-Hoc|iPhone.ActiveCfg = Release|Any CPU
		{83FE6762-6950-4F78-A67C-CD384DE55386}.Ad-Hoc|iPhone.Build.0 = Release|Any CPU
		{83FE6762-6950-4F78-A67C-CD384DE55386}.Ad-Hoc|iPhone.Deploy.0 = Release|Any CPU
		{83FE6762-6950-4F78-A67C-CD384DE55386}.Ad-Hoc|iPhoneSimulator.ActiveCfg = Release|Any CPU
		{83FE6762-6950-4F78-A67C-CD384DE55386}.Ad-Hoc|iPhoneSimulator.Build.0 = Release|Any CPU
		{83FE6762-6950-4F78-A67C-CD384DE55386}.Ad-Hoc|iPhoneSimulator.Deploy.0 = Release|Any CPU
		{83FE6762-6950-4F78-A67C-CD384DE55386}.AppStore|Any CPU.ActiveCfg = Release|Any CPU
		{83FE6762-6950-4F78-A67C-CD384DE55386}.AppStore|Any CPU.Build.0 = Release|Any CPU
		{83FE6762-6950-4F78-A67C-CD384DE55386}.AppStore|Any CPU.Deploy.0 = Release|Any CPU
		{83FE6762-6950-4F78-A67C-CD384DE55386}.AppStore|iPhone.ActiveCfg = Release|Any CPU
		{83FE6762-6950-4F78-A67C-CD384DE55386}.AppStore|iPhone.Build.0 = Release|Any CPU
		{83FE6762-6950-4F78-A67C-CD384DE55386}.AppStore|iPhone.Deploy.0 = Release|Any CPU
		{83FE6762-6950-4F78-A67C-CD384DE55386}.AppStore|iPhoneSimulator.ActiveCfg = Release|Any CPU
		{83FE6762-6950-4F78-A67C-CD384DE55386}.AppStore|iPhoneSimulator.Build.0 = Release|Any CPU
		{83FE6762-6950-4F78-A67C-CD384DE55386}.AppStore|iPhoneSimulator.Deploy.0 = Release|Any CPU
		{83FE6762-6950-4F78-A67C-CD384DE55386}.Debug|Any CPU.ActiveCfg = Debug|Any CPU
		{83FE6762-6950-4F78-A67C-CD384DE55386}.Debug|Any CPU.Build.0 = Debug|Any CPU
		{83FE6762-6950-4F78-A67C-CD384DE55386}.Debug|Any CPU.Deploy.0 = Debug|Any CPU
		{83FE6762-6950-4F78-A67C-CD384DE55386}.Debug|iPhone.ActiveCfg = Debug|Any CPU
		{83FE6762-6950-4F78-A67C-CD384DE55386}.Debug|iPhone.Build.0 = Debug|Any CPU
		{83FE6762-6950-4F78-A67C-CD384DE55386}.Debug|iPhone.Deploy.0 = Debug|Any CPU
		{83FE6762-6950-4F78-A67C-CD384DE55386}.Debug|iPhoneSimulator.ActiveCfg = Debug|Any CPU
		{83FE6762-6950-4F78-A67C-CD384DE55386}.Debug|iPhoneSimulator.Build.0 = Debug|Any CPU
		{83FE6762-6950-4F78-A67C-CD384DE55386}.Debug|iPhoneSimulator.Deploy.0 = Debug|Any CPU
		{83FE6762-6950-4F78-A67C-CD384DE55386}.Release|Any CPU.ActiveCfg = Release|Any CPU
		{83FE6762-6950-4F78-A67C-CD384DE55386}.Release|Any CPU.Build.0 = Release|Any CPU
		{83FE6762-6950-4F78-A67C-CD384DE55386}.Release|Any CPU.Deploy.0 = Release|Any CPU
		{83FE6762-6950-4F78-A67C-CD384DE55386}.Release|iPhone.ActiveCfg = Release|Any CPU
		{83FE6762-6950-4F78-A67C-CD384DE55386}.Release|iPhone.Build.0 = Release|Any CPU
		{83FE6762-6950-4F78-A67C-CD384DE55386}.Release|iPhone.Deploy.0 = Release|Any CPU
		{83FE6762-6950-4F78-A67C-CD384DE55386}.Release|iPhoneSimulator.ActiveCfg = Release|Any CPU
		{83FE6762-6950-4F78-A67C-CD384DE55386}.Release|iPhoneSimulator.Build.0 = Release|Any CPU
		{83FE6762-6950-4F78-A67C-CD384DE55386}.Release|iPhoneSimulator.Deploy.0 = Release|Any CPU
		{BDC6ACE3-FBBD-40D4-95FC-A8281FCC9CF1}.Ad-Hoc|Any CPU.ActiveCfg = Ad-Hoc|iPhone
		{BDC6ACE3-FBBD-40D4-95FC-A8281FCC9CF1}.Ad-Hoc|iPhone.ActiveCfg = Ad-Hoc|iPhone
		{BDC6ACE3-FBBD-40D4-95FC-A8281FCC9CF1}.Ad-Hoc|iPhone.Build.0 = Ad-Hoc|iPhone
		{BDC6ACE3-FBBD-40D4-95FC-A8281FCC9CF1}.Ad-Hoc|iPhoneSimulator.ActiveCfg = Ad-Hoc|iPhoneSimulator
		{BDC6ACE3-FBBD-40D4-95FC-A8281FCC9CF1}.Ad-Hoc|iPhoneSimulator.Build.0 = Ad-Hoc|iPhoneSimulator
		{BDC6ACE3-FBBD-40D4-95FC-A8281FCC9CF1}.AppStore|Any CPU.ActiveCfg = AppStore|iPhone
		{BDC6ACE3-FBBD-40D4-95FC-A8281FCC9CF1}.AppStore|iPhone.ActiveCfg = AppStore|iPhone
		{BDC6ACE3-FBBD-40D4-95FC-A8281FCC9CF1}.AppStore|iPhone.Build.0 = AppStore|iPhone
		{BDC6ACE3-FBBD-40D4-95FC-A8281FCC9CF1}.AppStore|iPhoneSimulator.ActiveCfg = AppStore|iPhoneSimulator
		{BDC6ACE3-FBBD-40D4-95FC-A8281FCC9CF1}.AppStore|iPhoneSimulator.Build.0 = AppStore|iPhoneSimulator
		{BDC6ACE3-FBBD-40D4-95FC-A8281FCC9CF1}.Debug|Any CPU.ActiveCfg = Debug|iPhone
		{BDC6ACE3-FBBD-40D4-95FC-A8281FCC9CF1}.Debug|iPhone.ActiveCfg = Debug|iPhone
		{BDC6ACE3-FBBD-40D4-95FC-A8281FCC9CF1}.Debug|iPhone.Build.0 = Debug|iPhone
		{BDC6ACE3-FBBD-40D4-95FC-A8281FCC9CF1}.Debug|iPhoneSimulator.ActiveCfg = Debug|iPhoneSimulator
		{BDC6ACE3-FBBD-40D4-95FC-A8281FCC9CF1}.Debug|iPhoneSimulator.Build.0 = Debug|iPhoneSimulator
		{BDC6ACE3-FBBD-40D4-95FC-A8281FCC9CF1}.Release|Any CPU.ActiveCfg = Release|iPhone
		{BDC6ACE3-FBBD-40D4-95FC-A8281FCC9CF1}.Release|iPhone.ActiveCfg = Release|iPhone
		{BDC6ACE3-FBBD-40D4-95FC-A8281FCC9CF1}.Release|iPhone.Build.0 = Release|iPhone
		{BDC6ACE3-FBBD-40D4-95FC-A8281FCC9CF1}.Release|iPhoneSimulator.ActiveCfg = Release|iPhoneSimulator
		{BDC6ACE3-FBBD-40D4-95FC-A8281FCC9CF1}.Release|iPhoneSimulator.Build.0 = Release|iPhoneSimulator
		{AC50706E-6CEB-4276-921F-D996CE07875D}.Ad-Hoc|Any CPU.ActiveCfg = Debug|Any CPU
		{AC50706E-6CEB-4276-921F-D996CE07875D}.Ad-Hoc|Any CPU.Build.0 = Debug|Any CPU
		{AC50706E-6CEB-4276-921F-D996CE07875D}.Ad-Hoc|iPhone.ActiveCfg = Debug|Any CPU
		{AC50706E-6CEB-4276-921F-D996CE07875D}.Ad-Hoc|iPhone.Build.0 = Debug|Any CPU
		{AC50706E-6CEB-4276-921F-D996CE07875D}.Ad-Hoc|iPhoneSimulator.ActiveCfg = Debug|Any CPU
		{AC50706E-6CEB-4276-921F-D996CE07875D}.Ad-Hoc|iPhoneSimulator.Build.0 = Debug|Any CPU
		{AC50706E-6CEB-4276-921F-D996CE07875D}.AppStore|Any CPU.ActiveCfg = Debug|Any CPU
		{AC50706E-6CEB-4276-921F-D996CE07875D}.AppStore|Any CPU.Build.0 = Debug|Any CPU
		{AC50706E-6CEB-4276-921F-D996CE07875D}.AppStore|iPhone.ActiveCfg = Debug|Any CPU
		{AC50706E-6CEB-4276-921F-D996CE07875D}.AppStore|iPhone.Build.0 = Debug|Any CPU
		{AC50706E-6CEB-4276-921F-D996CE07875D}.AppStore|iPhoneSimulator.ActiveCfg = Debug|Any CPU
		{AC50706E-6CEB-4276-921F-D996CE07875D}.AppStore|iPhoneSimulator.Build.0 = Debug|Any CPU
		{AC50706E-6CEB-4276-921F-D996CE07875D}.Debug|Any CPU.ActiveCfg = Debug|Any CPU
		{AC50706E-6CEB-4276-921F-D996CE07875D}.Debug|Any CPU.Build.0 = Debug|Any CPU
		{AC50706E-6CEB-4276-921F-D996CE07875D}.Debug|iPhone.ActiveCfg = Debug|Any CPU
		{AC50706E-6CEB-4276-921F-D996CE07875D}.Debug|iPhone.Build.0 = Debug|Any CPU
		{AC50706E-6CEB-4276-921F-D996CE07875D}.Debug|iPhoneSimulator.ActiveCfg = Debug|Any CPU
		{AC50706E-6CEB-4276-921F-D996CE07875D}.Debug|iPhoneSimulator.Build.0 = Debug|Any CPU
		{AC50706E-6CEB-4276-921F-D996CE07875D}.Release|Any CPU.ActiveCfg = Release|Any CPU
		{AC50706E-6CEB-4276-921F-D996CE07875D}.Release|Any CPU.Build.0 = Release|Any CPU
		{AC50706E-6CEB-4276-921F-D996CE07875D}.Release|iPhone.ActiveCfg = Release|Any CPU
		{AC50706E-6CEB-4276-921F-D996CE07875D}.Release|iPhone.Build.0 = Release|Any CPU
		{AC50706E-6CEB-4276-921F-D996CE07875D}.Release|iPhoneSimulator.ActiveCfg = Release|Any CPU
		{AC50706E-6CEB-4276-921F-D996CE07875D}.Release|iPhoneSimulator.Build.0 = Release|Any CPU
		{138482E0-1A72-498C-8017-FF1AF75A0408}.Ad-Hoc|Any CPU.ActiveCfg = Debug|Any CPU
		{138482E0-1A72-498C-8017-FF1AF75A0408}.Ad-Hoc|Any CPU.Build.0 = Debug|Any CPU
		{138482E0-1A72-498C-8017-FF1AF75A0408}.Ad-Hoc|iPhone.ActiveCfg = Debug|Any CPU
		{138482E0-1A72-498C-8017-FF1AF75A0408}.Ad-Hoc|iPhone.Build.0 = Debug|Any CPU
		{138482E0-1A72-498C-8017-FF1AF75A0408}.Ad-Hoc|iPhoneSimulator.ActiveCfg = Debug|Any CPU
		{138482E0-1A72-498C-8017-FF1AF75A0408}.Ad-Hoc|iPhoneSimulator.Build.0 = Debug|Any CPU
		{138482E0-1A72-498C-8017-FF1AF75A0408}.AppStore|Any CPU.ActiveCfg = Debug|Any CPU
		{138482E0-1A72-498C-8017-FF1AF75A0408}.AppStore|Any CPU.Build.0 = Debug|Any CPU
		{138482E0-1A72-498C-8017-FF1AF75A0408}.AppStore|iPhone.ActiveCfg = Debug|Any CPU
		{138482E0-1A72-498C-8017-FF1AF75A0408}.AppStore|iPhone.Build.0 = Debug|Any CPU
		{138482E0-1A72-498C-8017-FF1AF75A0408}.AppStore|iPhoneSimulator.ActiveCfg = Debug|Any CPU
		{138482E0-1A72-498C-8017-FF1AF75A0408}.AppStore|iPhoneSimulator.Build.0 = Debug|Any CPU
		{138482E0-1A72-498C-8017-FF1AF75A0408}.Debug|Any CPU.ActiveCfg = Debug|Any CPU
		{138482E0-1A72-498C-8017-FF1AF75A0408}.Debug|Any CPU.Build.0 = Debug|Any CPU
		{138482E0-1A72-498C-8017-FF1AF75A0408}.Debug|iPhone.ActiveCfg = Debug|Any CPU
		{138482E0-1A72-498C-8017-FF1AF75A0408}.Debug|iPhone.Build.0 = Debug|Any CPU
		{138482E0-1A72-498C-8017-FF1AF75A0408}.Debug|iPhoneSimulator.ActiveCfg = Debug|Any CPU
		{138482E0-1A72-498C-8017-FF1AF75A0408}.Debug|iPhoneSimulator.Build.0 = Debug|Any CPU
		{138482E0-1A72-498C-8017-FF1AF75A0408}.Release|Any CPU.ActiveCfg = Release|Any CPU
		{138482E0-1A72-498C-8017-FF1AF75A0408}.Release|Any CPU.Build.0 = Release|Any CPU
		{138482E0-1A72-498C-8017-FF1AF75A0408}.Release|iPhone.ActiveCfg = Release|Any CPU
		{138482E0-1A72-498C-8017-FF1AF75A0408}.Release|iPhone.Build.0 = Release|Any CPU
		{138482E0-1A72-498C-8017-FF1AF75A0408}.Release|iPhoneSimulator.ActiveCfg = Release|Any CPU
		{138482E0-1A72-498C-8017-FF1AF75A0408}.Release|iPhoneSimulator.Build.0 = Release|Any CPU
		{0A54471E-09F7-437D-A26F-81D8492872C0}.Ad-Hoc|Any CPU.ActiveCfg = Debug|Any CPU
		{0A54471E-09F7-437D-A26F-81D8492872C0}.Ad-Hoc|Any CPU.Build.0 = Debug|Any CPU
		{0A54471E-09F7-437D-A26F-81D8492872C0}.Ad-Hoc|iPhone.ActiveCfg = Debug|Any CPU
		{0A54471E-09F7-437D-A26F-81D8492872C0}.Ad-Hoc|iPhone.Build.0 = Debug|Any CPU
		{0A54471E-09F7-437D-A26F-81D8492872C0}.Ad-Hoc|iPhoneSimulator.ActiveCfg = Debug|Any CPU
		{0A54471E-09F7-437D-A26F-81D8492872C0}.Ad-Hoc|iPhoneSimulator.Build.0 = Debug|Any CPU
		{0A54471E-09F7-437D-A26F-81D8492872C0}.AppStore|Any CPU.ActiveCfg = Debug|Any CPU
		{0A54471E-09F7-437D-A26F-81D8492872C0}.AppStore|Any CPU.Build.0 = Debug|Any CPU
		{0A54471E-09F7-437D-A26F-81D8492872C0}.AppStore|iPhone.ActiveCfg = Debug|Any CPU
		{0A54471E-09F7-437D-A26F-81D8492872C0}.AppStore|iPhone.Build.0 = Debug|Any CPU
		{0A54471E-09F7-437D-A26F-81D8492872C0}.AppStore|iPhoneSimulator.ActiveCfg = Debug|Any CPU
		{0A54471E-09F7-437D-A26F-81D8492872C0}.AppStore|iPhoneSimulator.Build.0 = Debug|Any CPU
		{0A54471E-09F7-437D-A26F-81D8492872C0}.Debug|Any CPU.ActiveCfg = Debug|Any CPU
		{0A54471E-09F7-437D-A26F-81D8492872C0}.Debug|Any CPU.Build.0 = Debug|Any CPU
		{0A54471E-09F7-437D-A26F-81D8492872C0}.Debug|iPhone.ActiveCfg = Debug|Any CPU
		{0A54471E-09F7-437D-A26F-81D8492872C0}.Debug|iPhone.Build.0 = Debug|Any CPU
		{0A54471E-09F7-437D-A26F-81D8492872C0}.Debug|iPhoneSimulator.ActiveCfg = Debug|Any CPU
		{0A54471E-09F7-437D-A26F-81D8492872C0}.Debug|iPhoneSimulator.Build.0 = Debug|Any CPU
		{0A54471E-09F7-437D-A26F-81D8492872C0}.Release|Any CPU.ActiveCfg = Release|Any CPU
		{0A54471E-09F7-437D-A26F-81D8492872C0}.Release|Any CPU.Build.0 = Release|Any CPU
		{0A54471E-09F7-437D-A26F-81D8492872C0}.Release|iPhone.ActiveCfg = Release|Any CPU
		{0A54471E-09F7-437D-A26F-81D8492872C0}.Release|iPhone.Build.0 = Release|Any CPU
		{0A54471E-09F7-437D-A26F-81D8492872C0}.Release|iPhoneSimulator.ActiveCfg = Release|Any CPU
		{0A54471E-09F7-437D-A26F-81D8492872C0}.Release|iPhoneSimulator.Build.0 = Release|Any CPU
		{ECAE18A5-9653-4E94-8456-3042CBDDFB14}.Ad-Hoc|Any CPU.ActiveCfg = Debug|Any CPU
		{ECAE18A5-9653-4E94-8456-3042CBDDFB14}.Ad-Hoc|Any CPU.Build.0 = Debug|Any CPU
		{ECAE18A5-9653-4E94-8456-3042CBDDFB14}.Ad-Hoc|iPhone.ActiveCfg = Debug|Any CPU
		{ECAE18A5-9653-4E94-8456-3042CBDDFB14}.Ad-Hoc|iPhone.Build.0 = Debug|Any CPU
		{ECAE18A5-9653-4E94-8456-3042CBDDFB14}.Ad-Hoc|iPhoneSimulator.ActiveCfg = Debug|Any CPU
		{ECAE18A5-9653-4E94-8456-3042CBDDFB14}.Ad-Hoc|iPhoneSimulator.Build.0 = Debug|Any CPU
		{ECAE18A5-9653-4E94-8456-3042CBDDFB14}.AppStore|Any CPU.ActiveCfg = Debug|Any CPU
		{ECAE18A5-9653-4E94-8456-3042CBDDFB14}.AppStore|Any CPU.Build.0 = Debug|Any CPU
		{ECAE18A5-9653-4E94-8456-3042CBDDFB14}.AppStore|iPhone.ActiveCfg = Debug|Any CPU
		{ECAE18A5-9653-4E94-8456-3042CBDDFB14}.AppStore|iPhone.Build.0 = Debug|Any CPU
		{ECAE18A5-9653-4E94-8456-3042CBDDFB14}.AppStore|iPhoneSimulator.ActiveCfg = Debug|Any CPU
		{ECAE18A5-9653-4E94-8456-3042CBDDFB14}.AppStore|iPhoneSimulator.Build.0 = Debug|Any CPU
		{ECAE18A5-9653-4E94-8456-3042CBDDFB14}.Debug|Any CPU.ActiveCfg = Debug|Any CPU
		{ECAE18A5-9653-4E94-8456-3042CBDDFB14}.Debug|Any CPU.Build.0 = Debug|Any CPU
		{ECAE18A5-9653-4E94-8456-3042CBDDFB14}.Debug|iPhone.ActiveCfg = Debug|Any CPU
		{ECAE18A5-9653-4E94-8456-3042CBDDFB14}.Debug|iPhone.Build.0 = Debug|Any CPU
		{ECAE18A5-9653-4E94-8456-3042CBDDFB14}.Debug|iPhoneSimulator.ActiveCfg = Debug|Any CPU
		{ECAE18A5-9653-4E94-8456-3042CBDDFB14}.Debug|iPhoneSimulator.Build.0 = Debug|Any CPU
		{ECAE18A5-9653-4E94-8456-3042CBDDFB14}.Release|Any CPU.ActiveCfg = Release|Any CPU
		{ECAE18A5-9653-4E94-8456-3042CBDDFB14}.Release|Any CPU.Build.0 = Release|Any CPU
		{ECAE18A5-9653-4E94-8456-3042CBDDFB14}.Release|iPhone.ActiveCfg = Release|Any CPU
		{ECAE18A5-9653-4E94-8456-3042CBDDFB14}.Release|iPhone.Build.0 = Release|Any CPU
		{ECAE18A5-9653-4E94-8456-3042CBDDFB14}.Release|iPhoneSimulator.ActiveCfg = Release|Any CPU
		{ECAE18A5-9653-4E94-8456-3042CBDDFB14}.Release|iPhoneSimulator.Build.0 = Release|Any CPU
	EndGlobalSection
	GlobalSection(SolutionProperties) = preSolution
		HideSolutionNode = FALSE
	EndGlobalSection
	GlobalSection(NestedProjects) = preSolution
		{AC50706E-6CEB-4276-921F-D996CE07875D} = {3F50CD67-3064-4D69-9CA9-52312E3ACBCB}
		{0A54471E-09F7-437D-A26F-81D8492872C0} = {3F50CD67-3064-4D69-9CA9-52312E3ACBCB}
		{ECAE18A5-9653-4E94-8456-3042CBDDFB14} = {3F50CD67-3064-4D69-9CA9-52312E3ACBCB}
	EndGlobalSection
	GlobalSection(ExtensibilityGlobals) = postSolution
		SolutionGuid = {8584773D-3172-450F-863D-A962CB2D03A0}
	EndGlobalSection
EndGlobal
